{
  "nodes": {
    "blink-cmp": {
      "inputs": {
        "blink-lib": "blink-lib",
        "nixpkgs": [
          "nixpkgs"
        ]
      },
      "locked": {
        "lastModified": 1779221072,
        "narHash": "sha256-vId9CJ34TYPDkkqq+frTNGMPxJoRanuvYT0SEUrxFWI=",
        "owner": "saghen",
        "repo": "blink.cmp",
        "rev": "35e3923a09ff3db150ceff80004befcbbfa071a0",
        "type": "github"
      },
      "original": {
        "owner": "saghen",
        "repo": "blink.cmp",
        "type": "github"
      }
    },
    "blink-lib": {
      "inputs": {
        "nixpkgs": [
          "blink-cmp",
          "nixpkgs"
        ]
      },
      "locked": {
        "lastModified": 1777670812,
        "narHash": "sha256-3XsqX4CGj8VI5tGLWJoUiyo+u7AyNp2IO9hEwQsF1I8=",
        "owner": "saghen",
        "repo": "blink.lib",
        "rev": "f29d8bac6549bc1e7d699c83f680823d7def98bd",
        "type": "github"
      },
      "original": {
        "owner": "saghen",
        "repo": "blink.lib",
        "type": "github"
      }
    },
    "catpuccin": {
      "flake": false,
      "locked": {
        "lastModified": 1775518241,
        "narHash": "sha256-qs74a/h9nUoI1uZ7Rlh8krgWkTaIh4SaHshhPiDwBis=",
        "owner": "catppuccin",
        "repo": "nvim",
        "rev": "426dbebe06b5c69fd846ceb17b42e12f890aedf1",
        "type": "github"
      },
      "original": {
        "owner": "catppuccin",
        "repo": "nvim",
        "type": "github"
      }
    },
    "conform": {
      "flake": false,
      "locked": {
        "lastModified": 1778817600,
        "narHash": "sha256-+NzRZItrF344sp+xt07vKcu+EbHO1wtSGolYtIz0CP4=",
        "owner": "stevearc",
        "repo": "conform.nvim",
        "rev": "18aeab3d63d350dcf44d64c462cc489a3412af40",
        "type": "github"
      },
      "original": {
        "owner": "stevearc",
        "repo": "conform.nvim",
        "type": "github"
      }
    },
    "eagle-lsp": {
      "flake": false,
      "locked": {
        "lastModified": 1775977787,
        "narHash": "sha256-/mEURqT5/ltXNoH1BVYkutesjrEz2gtZx6czf2KtLoI=",
        "owner": "mistachkin",
        "repo": "eagle-lsp",
        "rev": "3ecf60442f1a185fc9f4de3bdadd643397a56581",
        "type": "github"
      },
      "original": {
        "owner": "mistachkin",
        "repo": "eagle-lsp",
        "type": "github"
      }
    },
    "flake-compat": {
      "flake": false,
      "locked": {
        "lastModified": 1696426674,
        "narHash": "sha256-kvjfFW7WAETZlt09AgDn1MrtKzP7t90Vf7vypd3OL1U=",
        "owner": "edolstra",
        "repo": "flake-compat",
        "rev": "0f9255e01c2351cc7d116c072cb317785dd33b33",
        "type": "github"
      },
      "original": {
        "owner": "edolstra",
        "repo": "flake-compat",
        "type": "github"
      }
    },
    "flake-parts": {
      "inputs": {
        "nixpkgs-lib": "nixpkgs-lib"
      },
      "locked": {
        "lastModified": 1717285511,
        "narHash": "sha256-iKzJcpdXih14qYVcZ9QC9XuZYnPc6T8YImb6dX166kw=",
        "owner": "hercules-ci",
        "repo": "flake-parts",
        "rev": "2a55567fcf15b1b1c7ed712a2c6fadaec7412ea8",
        "type": "github"
      },
      "original": {
        "owner": "hercules-ci",
        "repo": "flake-parts",
        "type": "github"
      }
    },
    "flake-utils": {
      "inputs": {
        "systems": "systems"
      },
      "locked": {
        "lastModified": 1731533236,
        "narHash": "sha256-l0KFg5HjrsfsO/JpG+r7fRrqm12kzFHyUHqHCVpMMbI=",
        "owner": "numtide",
        "repo": "flake-utils",
        "rev": "11707dc2f618dd54ca8739b309ec4fc024de578b",
        "type": "github"
      },
      "original": {
        "owner": "numtide",
        "repo": "flake-utils",
        "type": "github"
      }
    },
    "fzf-lua": {
      "flake": false,
      "locked": {
        "lastModified": 1779106834,
        "narHash": "sha256-amv//tOJ6gXCDGb79iTfaxenOMY3LCFegdLjHyDw180=",
        "owner": "ibhagwan",
        "repo": "fzf-lua",
        "rev": "3ff77862f6c62f7b850668435ae43aa026de8758",
        "type": "github"
      },
      "original": {
        "owner": "ibhagwan",
        "repo": "fzf-lua",
        "type": "github"
      }
    },
    "gen-luarc": {
      "inputs": {
        "flake-parts": "flake-parts",
        "git-hooks": "git-hooks",
        "luvit-meta": "luvit-meta",
        "nixpkgs": [
          "nixpkgs"
        ]
      },
      "locked": {
        "lastModified": 1755304025,
        "narHash": "sha256-xVKfjFwc0zMbLMjLTiHz+0llggkjs93SmHkhaa9S3M4=",
        "owner": "mrcjkb",
        "repo": "nix-gen-luarc-json",
        "rev": "1865b0ebb753ae5324d7381b1fa8c98c04ec7509",
        "type": "github"
      },
      "original": {
        "owner": "mrcjkb",
        "repo": "nix-gen-luarc-json",
        "type": "github"
      }
    },
    "git-hooks": {
      "inputs": {
        "flake-compat": "flake-compat",
        "gitignore": "gitignore",
        "nixpkgs": [
          "gen-luarc",
          "nixpkgs"
        ],
        "nixpkgs-stable": "nixpkgs-stable"
      },
      "locked": {
        "lastModified": 1723803910,
        "narHash": "sha256-yezvUuFiEnCFbGuwj/bQcqg7RykIEqudOy/RBrId0pc=",
        "owner": "cachix",
        "repo": "git-hooks.nix",
        "rev": "bfef0ada09e2c8ac55bbcd0831bd0c9d42e651ba",
        "type": "github"
      },
      "original": {
        "owner": "cachix",
        "repo": "git-hooks.nix",
        "type": "github"
      }
    },
    "gitignore": {
      "inputs": {
        "nixpkgs": [
          "gen-luarc",
          "git-hooks",
          "nixpkgs"
        ]
      },
      "locked": {
        "lastModified": 1709087332,
        "narHash": "sha256-HG2cCnktfHsKV0s4XW83gU3F57gaTljL9KNSuG6bnQs=",
        "owner": "hercules-ci",
        "repo": "gitignore.nix",
        "rev": "637db329424fd7e46cf4185293b9cc8c88c95394",
        "type": "github"
      },
      "original": {
        "owner": "hercules-ci",
        "repo": "gitignore.nix",
        "type": "github"
      }
    },
    "leap": {
      "flake": false,
      "locked": {
        "lastModified": 1778319828,
        "narHash": "sha256-bwyZzOq0OGYMqJks3ijEWD3wgdbTNhUwNT96tWUNXK4=",
        "ref": "refs/heads/main",
        "rev": "940bc5e716a8cde63bd47e1b13f30fd9075ec0c8",
        "revCount": 748,
        "type": "git",
        "url": "http://codeberg.org/andyg/leap.nvim"
      },
      "original": {
        "type": "git",
        "url": "http://codeberg.org/andyg/leap.nvim"
      }
    },
    "luvit-meta": {
      "flake": false,
      "locked": {
        "lastModified": 1705776742,
        "narHash": "sha256-zAAptV/oLuLAAsa2zSB/6fxlElk4+jNZd/cPr9oxFig=",
        "owner": "Bilal2453",
        "repo": "luvit-meta",
        "rev": "ce76f6f6cdc9201523a5875a4471dcfe0186eb60",
        "type": "github"
      },
      "original": {
        "owner": "Bilal2453",
        "repo": "luvit-meta",
        "type": "github"
      }
    },
    "mini-icons": {
      "flake": false,
      "locked": {
        "lastModified": 1779199206,
        "narHash": "sha256-Q61iFTDA2groQu3qMNJu0yuVnB6NtsGNihpGD5ppeuI=",
        "owner": "nvim-mini",
        "repo": "mini.icons",
        "rev": "520995f1d75da0e4cc901ee95080b1ff2bc46b94",
        "type": "github"
      },
      "original": {
        "owner": "nvim-mini",
        "repo": "mini.icons",
        "type": "github"
      }
    },
    "nixpkgs": {
      "locked": {
        "lastModified": 1778869304,
        "narHash": "sha256-30sZNZoA1cqF5JNO9fVX+wgiQYjB7HJqqJ4ztCDeBZE=",
        "owner": "NixOS",
        "repo": "nixpkgs",
        "rev": "d233902339c02a9c334e7e593de68855ad26c4cb",
        "type": "github"
      },
      "original": {
        "owner": "NixOS",
        "ref": "nixos-unstable",
        "repo": "nixpkgs",
        "type": "github"
      }
    },
    "nixpkgs-lib": {
      "locked": {
        "lastModified": 1717284937,
        "narHash": "sha256-lIbdfCsf8LMFloheeE6N31+BMIeixqyQWbSr2vk79EQ=",
        "type": "tarball",
        "url": "https://github.com/NixOS/nixpkgs/archive/eb9ceca17df2ea50a250b6b27f7bf6ab0186f198.tar.gz"
      },
      "original": {
        "type": "tarball",
        "url": "https://github.com/NixOS/nixpkgs/archive/eb9ceca17df2ea50a250b6b27f7bf6ab0186f198.tar.gz"
      }
    },
    "nixpkgs-stable": {
      "locked": {
        "lastModified": 1720386169,
        "narHash": "sha256-NGKVY4PjzwAa4upkGtAMz1npHGoRzWotlSnVlqI40mo=",
        "owner": "NixOS",
        "repo": "nixpkgs",
        "rev": "194846768975b7ad2c4988bdb82572c00222c0d7",
        "type": "github"
      },
      "original": {
        "owner": "NixOS",
        "ref": "nixos-24.05",
        "repo": "nixpkgs",
        "type": "github"
      }
    },
    "oil": {
      "flake": false,
      "locked": {
        "lastModified": 1771914681,
        "narHash": "sha256-hoTQoNEsCbZ0aZMUUUvgkC9NYjovjUUirw2FN9b9dn0=",
        "owner": "stevearc",
        "repo": "oil.nvim",
        "rev": "0fcc83805ad11cf714a949c98c605ed717e0b83e",
        "type": "github"
      },
      "original": {
        "owner": "stevearc",
        "repo": "oil.nvim",
        "type": "github"
      }
    },
    "root": {
      "inputs": {
        "blink-cmp": "blink-cmp",
        "catpuccin": "catpuccin",
        "conform": "conform",
        "eagle-lsp": "eagle-lsp",
        "flake-utils": "flake-utils",
        "fzf-lua": "fzf-lua",
        "gen-luarc": "gen-luarc",
        "leap": "leap",
        "mini-icons": "mini-icons",
        "nixpkgs": "nixpkgs",
        "oil": "oil"
      }
    },
    "systems": {
      "locked": {
        "lastModified": 1681028828,
        "narHash": "sha256-Vy1rq5AaRuLzOxct8nz4T6wlgyUR7zLU309k9mBC768=",
        "owner": "nix-systems",
        "repo": "default",
        "rev": "da67096a3b9bf56a91d16901293e51ba5b49a27e",
        "type": "github"
      },
      "original": {
        "owner": "nix-systems",
        "repo": "default",
        "type": "github"
      }
    }
  },
  "root": "root",
  "version": 7
}
